
Microsoft Visual Studio Solution File, Format Version 12.00
# Visual Studio 14
VisualStudioVersion = 14.0.25420.1
MinimumVisualStudioVersion = 10.0.40219.1
Project("{FAE04EC0-301F-11D3-BF4B-00C04F79EFBC}") = "Dukou.SH4", "Dukou.SH4\Dukou.SH4.csproj", "{12BEFCA5-CDEC-4FAE-A67F-365B6BA883A8}"
EndProject
Project("{FAE04EC0-301F-11D3-BF4B-00C04F79EFBC}") = "Dukou.Cryptography", "Dukou.Cryptography\Dukou.Cryptography.csproj", "{08BDEE00-166D-4A0D-81F7-00EC119340F1}"
EndProject
Project("{FAE04EC0-301F-11D3-BF4B-00C04F79EFBC}") = "Dukou.Config", "Dukou.Config\Dukou.Config.csproj", "{D99433CB-8D69-49BE-A81B-08D7291DB988}"
EndProject
Project("{2150E333-8FDC-42A3-9474-1A3956D46DE8}") = "Solution Items", "Solution Items", "{DC694B54-7493-479A-9F05-8E0BD5CA8EFF}"
	ProjectSection(SolutionItems) = preProject
		.gitignore = .gitignore
	EndProjectSection
EndProject
Project("{2150E333-8FDC-42A3-9474-1A3956D46DE8}") = "_lib", "_lib", "{69D1C657-62EB-4660-AD6A-79CBF577F3B1}"
	ProjectSection(SolutionItems) = preProject
		_lib\CommonAssemblyInfo.cs = _lib\CommonAssemblyInfo.cs
	EndProjectSection
EndProject
Project("{2150E333-8FDC-42A3-9474-1A3956D46DE8}") = "nupkgs", "nupkgs", "{61E45A98-384B-4E05-BC38-61A763FE4C49}"
	ProjectSection(SolutionItems) = preProject
		nupkgs\nupkg.bat = nupkgs\nupkg.bat
	EndProjectSection
EndProject
Project("{FAE04EC0-301F-11D3-BF4B-00C04F79EFBC}") = "Dukou.Core", "Dukou.Core\Dukou.Core.csproj", "{16C89C48-98A7-46BD-88D5-C9BF8994B2E3}"
EndProject
Project("{2150E333-8FDC-42A3-9474-1A3956D46DE8}") = "Test", "Test", "{1F51D92A-90BC-4312-A63D-77C13A67212E}"
EndProject
Project("{FAE04EC0-301F-11D3-BF4B-00C04F79EFBC}") = "Dukou.Cryptography.Test", "Test\Dukou.Cryptography.Test\Dukou.Cryptography.Test.csproj", "{C1548DB5-5A45-4005-ACE7-C103D357F89E}"
EndProject
Project("{FAE04EC0-301F-11D3-BF4B-00C04F79EFBC}") = "Dukou.Cryptography.Client", "Dukou.Cryptography.Client\Dukou.Cryptography.Client.csproj", "{EE35963A-0CB4-42A2-A217-5F93EDE47AFF}"
EndProject
Global
	GlobalSection(SolutionConfigurationPlatforms) = preSolution
		Debug|Any CPU = Debug|Any CPU
		Release|Any CPU = Release|Any CPU
	EndGlobalSection
	GlobalSection(ProjectConfigurationPlatforms) = postSolution
		{12BEFCA5-CDEC-4FAE-A67F-365B6BA883A8}.Debug|Any CPU.ActiveCfg = Debug|Any CPU
		{12BEFCA5-CDEC-4FAE-A67F-365B6BA883A8}.Debug|Any CPU.Build.0 = Debug|Any CPU
		{12BEFCA5-CDEC-4FAE-A67F-365B6BA883A8}.Release|Any CPU.ActiveCfg = Release|Any CPU
		{12BEFCA5-CDEC-4FAE-A67F-365B6BA883A8}.Release|Any CPU.Build.0 = Release|Any CPU
		{08BDEE00-166D-4A0D-81F7-00EC119340F1}.Debug|Any CPU.ActiveCfg = Debug|Any CPU
		{08BDEE00-166D-4A0D-81F7-00EC119340F1}.Debug|Any CPU.Build.0 = Debug|Any CPU
		{08BDEE00-166D-4A0D-81F7-00EC119340F1}.Release|Any CPU.ActiveCfg = Release|Any CPU
		{08BDEE00-166D-4A0D-81F7-00EC119340F1}.Release|Any CPU.Build.0 = Release|Any CPU
		{D99433CB-8D69-49BE-A81B-08D7291DB988}.Debug|Any CPU.ActiveCfg = Debug|Any CPU
		{D99433CB-8D69-49BE-A81B-08D7291DB988}.Debug|Any CPU.Build.0 = Debug|Any CPU
		{D99433CB-8D69-49BE-A81B-08D7291DB988}.Release|Any CPU.ActiveCfg = Release|Any CPU
		{D99433CB-8D69-49BE-A81B-08D7291DB988}.Release|Any CPU.Build.0 = Release|Any CPU
		{16C89C48-98A7-46BD-88D5-C9BF8994B2E3}.Debug|Any CPU.ActiveCfg = Debug|Any CPU
		{16C89C48-98A7-46BD-88D5-C9BF8994B2E3}.Debug|Any CPU.Build.0 = Debug|Any CPU
		{16C89C48-98A7-46BD-88D5-C9BF8994B2E3}.Release|Any CPU.ActiveCfg = Release|Any CPU
		{16C89C48-98A7-46BD-88D5-C9BF8994B2E3}.Release|Any CPU.Build.0 = Release|Any CPU
		{C1548DB5-5A45-4005-ACE7-C103D357F89E}.Debug|Any CPU.ActiveCfg = Debug|Any CPU
		{C1548DB5-5A45-4005-ACE7-C103D357F89E}.Debug|Any CPU.Build.0 = Debug|Any CPU
		{C1548DB5-5A45-4005-ACE7-C103D357F89E}.Release|Any CPU.ActiveCfg = Release|Any CPU
		{C1548DB5-5A45-4005-ACE7-C103D357F89E}.Release|Any CPU.Build.0 = Release|Any CPU
		{EE35963A-0CB4-42A2-A217-5F93EDE47AFF}.Debug|Any CPU.ActiveCfg = Debug|Any CPU
		{EE35963A-0CB4-42A2-A217-5F93EDE47AFF}.Debug|Any CPU.Build.0 = Debug|Any CPU
		{EE35963A-0CB4-42A2-A217-5F93EDE47AFF}.Release|Any CPU.ActiveCfg = Release|Any CPU
		{EE35963A-0CB4-42A2-A217-5F93EDE47AFF}.Release|Any CPU.Build.0 = Release|Any CPU
	EndGlobalSection
	GlobalSection(SolutionProperties) = preSolution
		HideSolutionNode = FALSE
	EndGlobalSection
	GlobalSection(NestedProjects) = preSolution
		{C1548DB5-5A45-4005-ACE7-C103D357F89E} = {1F51D92A-90BC-4312-A63D-77C13A67212E}
	EndGlobalSection
EndGlobal
